lockfileVersion: 5.3

specifiers:
  '@types/readline-sync': ^1.4.4
  readline-sync: ^1.4.10
  typescript: ^4.4.3

devDependencies:
  '@types/readline-sync': 1.4.4
  readline-sync: 1.4.10
  typescript: 4.4.3

packages:

  /@types/readline-sync/1.4.4:
    resolution: {integrity: sha512-cFjVIoiamX7U6zkO2VPvXyTxbFDdiRo902IarJuPVxBhpDnXhwSaVE86ip+SCuyWBbEioKCkT4C88RNTxBM1Dw==}
    dev: true

  /readline-sync/1.4.10:
    resolution: {integrity: sha512-gNva8/6UAe8QYepIQH/jQ2qn91Qj0B9sYjMBBs3QOB8F2CXcKgLxQaJRP76sWVRQt+QU+8fAkCbCvjjMFu7Ycw==}
    engines: {node: '>= 0.8.0'}
    dev: true

  /typescript/4.4.3:
    resolution: {integrity: sha512-4xfscpisVgqqDfPaJo5vkd+Qd/ItkoagnHpufr+i2QCHBsNYp+G7UAoyFl8aPtx879u38wPV65rZ8qbGZijalA==}
    engines: {node: '>=4.2.0'}
    hasBin: true
    dev: true
